<?xml version="1.0" encoding="utf-8"?>
<Project ToolsVersion="4.0" xmlns="http://schemas.microsoft.com/developer/msbuild/2003">
  <ItemGroup>
    <Filter Include="scipio">
      <UniqueIdentifier>{2C3D5B1B-18DF-85F1-019A-9945EDDA0C42}</UniqueIdentifier>
    </Filter>
    <Filter Include="scipio\events">
      <UniqueIdentifier>{B0F31FC8-1CB4-9BFE-E5EE-E47B516EE0DA}</UniqueIdentifier>
    </Filter>
  </ItemGroup>
  <ItemGroup>
    <ClInclude Include="src\Scipio.h" />
    <ClInclude Include="src\ScipioPrecompiledHeader.h" />
    <ClInclude Include="src\scipio\Application.h">
      <Filter>scipio</Filter>
    </ClInclude>
    <ClInclude Include="src\scipio\Core.h">
      <Filter>scipio</Filter>
    </ClInclude>
    <ClInclude Include="src\scipio\EntryPoint.h">
      <Filter>scipio</Filter>
    </ClInclude>
    <ClInclude Include="src\scipio\Log.h">
      <Filter>scipio</Filter>
    </ClInclude>
    <ClInclude Include="src\scipio\events\ApplicationEvent.h">
      <Filter>scipio\events</Filter>
    </ClInclude>
    <ClInclude Include="src\scipio\events\Event.h">
      <Filter>scipio\events</Filter>
    </ClInclude>
    <ClInclude Include="src\scipio\events\KeyEvent.h">
      <Filter>scipio\events</Filter>
    </ClInclude>
    <ClInclude Include="src\scipio\events\MouseEvent.h">
      <Filter>scipio\events</Filter>
    </ClInclude>
  </ItemGroup>
  <ItemGroup>
    <ClCompile Include="src\ScipioPrecompiledHeader.cpp" />
    <ClCompile Include="src\scipio\Application.cpp">
      <Filter>scipio</Filter>
    </ClCompile>
    <ClCompile Include="src\scipio\Log.cpp">
      <Filter>scipio</Filter>
    </ClCompile>
  </ItemGroup>
</Project>